
Microsoft Visual Studio Solution File, Format Version 12.00
# Visual Studio Version 16
VisualStudioVersion = 16.0.32510.428
MinimumVisualStudioVersion = 10.0.40219.1
Project("{FAE04EC0-301F-11D3-BF4B-00C04F79EFBC}") = "NUR _SYSTEM", "NUR _SYSTEM\NUR _SYSTEM.csproj", "{436E7F6F-2986-429E-82A1-B133BF5F58A6}"
EndProject
Global
	GlobalSection(SolutionConfigurationPlatforms) = preSolution
		Debug|Any CPU = Debug|Any CPU
		Release|Any CPU = Release|Any CPU
	EndGlobalSection
	GlobalSection(ProjectConfigurationPlatforms) = postSolution
		{436E7F6F-2986-429E-82A1-B133BF5F58A6}.Debug|Any CPU.ActiveCfg = Debug|Any CPU
		{436E7F6F-2986-429E-82A1-B133BF5F58A6}.Debug|Any CPU.Build.0 = Debug|Any CPU
		{436E7F6F-2986-429E-82A1-B133BF5F58A6}.Release|Any CPU.ActiveCfg = Release|Any CPU
		{436E7F6F-2986-429E-82A1-B133BF5F58A6}.Release|Any CPU.Build.0 = Release|Any CPU
	EndGlobalSection
	GlobalSection(SolutionProperties) = preSolution
		HideSolutionNode = FALSE
	EndGlobalSection
	GlobalSection(ExtensibilityGlobals) = postSolution
		SolutionGuid = {D2123B7D-5467-4638-B285-193780128FEE}
	EndGlobalSection
EndGlobal
